// !$*UTF8*$!
{
	archiveVersion = 1;
	classes = {
	};
	objectVersion = 55;
	objects = {

/* Begin PBXBuildFile section */
		83021A45273C36CD00074406 /* AppDelegate.swift in Sources */ = {isa = PBXBuildFile; fileRef = 83021A44273C36CD00074406 /* AppDelegate.swift */; };
		83021A47273C36CD00074406 /* SceneDelegate.swift in Sources */ = {isa = PBXBuildFile; fileRef = 83021A46273C36CD00074406 /* SceneDelegate.swift */; };
		83021A4C273C36CD00074406 /* Main.storyboard in Resources */ = {isa = PBXBuildFile; fileRef = 83021A4A273C36CD00074406 /* Main.storyboard */; };
		83021A4F273C36CD00074406 /* MedicationManager.xcdatamodeld in Sources */ = {isa = PBXBuildFile; fileRef = 83021A4D273C36CD00074406 /* MedicationManager.xcdatamodeld */; };
		83021A51273C36CF00074406 /* Assets.xcassets in Resources */ = {isa = PBXBuildFile; fileRef = 83021A50273C36CF00074406 /* Assets.xcassets */; };
		83021A54273C36CF00074406 /* LaunchScreen.storyboard in Resources */ = {isa = PBXBuildFile; fileRef = 83021A52273C36CF00074406 /* LaunchScreen.storyboard */; };
		83021A5F273C474800074406 /* MedicationListViewController.swift in Sources */ = {isa = PBXBuildFile; fileRef = 83021A5E273C474800074406 /* MedicationListViewController.swift */; };
		83021A61273C475B00074406 /* MedicationDetailViewController.swift in Sources */ = {isa = PBXBuildFile; fileRef = 83021A60273C475B00074406 /* MedicationDetailViewController.swift */; };
		83021A64273C48CB00074406 /* MedicationTableViewCell.swift in Sources */ = {isa = PBXBuildFile; fileRef = 83021A63273C48CB00074406 /* MedicationTableViewCell.swift */; };
		83021A69273C4B3700074406 /* MedicationController.swift in Sources */ = {isa = PBXBuildFile; fileRef = 83021A68273C4B3700074406 /* MedicationController.swift */; };
		83021A6B273C4E5F00074406 /* CoreDataStack.swift in Sources */ = {isa = PBXBuildFile; fileRef = 83021A6A273C4E5F00074406 /* CoreDataStack.swift */; };
		83021A6D273C553B00074406 /* Medication+Convenience.swift in Sources */ = {isa = PBXBuildFile; fileRef = 83021A6C273C553B00074406 /* Medication+Convenience.swift */; };
		83021A6F273C6A4900074406 /* DateFormatter.swift in Sources */ = {isa = PBXBuildFile; fileRef = 83021A6E273C6A4900074406 /* DateFormatter.swift */; };
		83021A71273C946A00074406 /* TakenDate+Convenience.swift in Sources */ = {isa = PBXBuildFile; fileRef = 83021A70273C946A00074406 /* TakenDate+Convenience.swift */; };
		83021A73273D6C6500074406 /* MoodSurveyViewController.swift in Sources */ = {isa = PBXBuildFile; fileRef = 83021A72273D6C6500074406 /* MoodSurveyViewController.swift */; };
		83021A75273D705D00074406 /* MoodSurvey+Convenience.swift in Sources */ = {isa = PBXBuildFile; fileRef = 83021A74273D705D00074406 /* MoodSurvey+Convenience.swift */; };
		83021A77273D710300074406 /* MoodSurveyController.swift in Sources */ = {isa = PBXBuildFile; fileRef = 83021A76273D710300074406 /* MoodSurveyController.swift */; };
		83021A9B273EAF5000074406 /* NotificationScheduler.swift in Sources */ = {isa = PBXBuildFile; fileRef = 83021A9A273EAF5000074406 /* NotificationScheduler.swift */; };
		83021A9D273EE12B00074406 /* Strings.swift in Sources */ = {isa = PBXBuildFile; fileRef = 83021A9C273EE12B00074406 /* Strings.swift */; };
/* End PBXBuildFile section */

/* Begin PBXFileReference section */
		83021A41273C36CD00074406 /* MedicationManager.app */ = {isa = PBXFileReference; explicitFileType = wrapper.application; includeInIndex = 0; path = MedicationManager.app; sourceTree = BUILT_PRODUCTS_DIR; };
		83021A44273C36CD00074406 /* AppDelegate.swift */ = {isa = PBXFileReference; lastKnownFileType = sourcecode.swift; path = AppDelegate.swift; sourceTree = "<group>"; };
		83021A46273C36CD00074406 /* SceneDelegate.swift */ = {isa = PBXFileReference; lastKnownFileType = sourcecode.swift; path = SceneDelegate.swift; sourceTree = "<group>"; };
		83021A4B273C36CD00074406 /* Base */ = {isa = PBXFileReference; lastKnownFileType = file.storyboard; name = Base; path = Base.lproj/Main.storyboard; sourceTree = "<group>"; };
		83021A4E273C36CD00074406 /* MedicationManager.xcdatamodel */ = {isa = PBXFileReference; lastKnownFileType = wrapper.xcdatamodel; path = MedicationManager.xcdatamodel; sourceTree = "<group>"; };
		83021A50273C36CF00074406 /* Assets.xcassets */ = {isa = PBXFileReference; lastKnownFileType = folder.assetcatalog; path = Assets.xcassets; sourceTree = "<group>"; };
		83021A53273C36CF00074406 /* Base */ = {isa = PBXFileReference; lastKnownFileType = file.storyboard; name = Base; path = Base.lproj/LaunchScreen.storyboard; sourceTree = "<group>"; };
		83021A55273C36CF00074406 /* Info.plist */ = {isa = PBXFileReference; lastKnownFileType = text.plist.xml; path = Info.plist; sourceTree = "<group>"; };
		83021A5E273C474800074406 /* MedicationListViewController.swift */ = {isa = PBXFileReference; lastKnownFileType = sourcecode.swift; path = MedicationListViewController.swift; sourceTree = "<group>"; };
		83021A60273C475B00074406 /* MedicationDetailViewController.swift */ = {isa = PBXFileReference; lastKnownFileType = sourcecode.swift; path = MedicationDetailViewController.swift; sourceTree = "<group>"; };
		83021A63273C48CB00074406 /* MedicationTableViewCell.swift */ = {isa = PBXFileReference; lastKnownFileType = sourcecode.swift; path = MedicationTableViewCell.swift; sourceTree = "<group>"; };
		83021A68273C4B3700074406 /* MedicationController.swift */ = {isa = PBXFileReference; lastKnownFileType = sourcecode.swift; path = MedicationController.swift; sourceTree = "<group>"; };
		83021A6A273C4E5F00074406 /* CoreDataStack.swift */ = {isa = PBXFileReference; lastKnownFileType = sourcecode.swift; path = CoreDataStack.swift; sourceTree = "<group>"; };
		83021A6C273C553B00074406 /* Medication+Convenience.swift */ = {isa = PBXFileReference; lastKnownFileType = sourcecode.swift; path = "Medication+Convenience.swift"; sourceTree = "<group>"; };
		83021A6E273C6A4900074406 /* DateFormatter.swift */ = {isa = PBXFileReference; lastKnownFileType = sourcecode.swift; path = DateFormatter.swift; sourceTree = "<group>"; };
		83021A70273C946A00074406 /* TakenDate+Convenience.swift */ = {isa = PBXFileReference; lastKnownFileType = sourcecode.swift; path = "TakenDate+Convenience.swift"; sourceTree = "<group>"; };
		83021A72273D6C6500074406 /* MoodSurveyViewController.swift */ = {isa = PBXFileReference; lastKnownFileType = sourcecode.swift; path = MoodSurveyViewController.swift; sourceTree = "<group>"; };
		83021A74273D705D00074406 /* MoodSurvey+Convenience.swift */ = {isa = PBXFileReference; lastKnownFileType = sourcecode.swift; path = "MoodSurvey+Convenience.swift"; sourceTree = "<group>"; };
		83021A76273D710300074406 /* MoodSurveyController.swift */ = {isa = PBXFileReference; lastKnownFileType = sourcecode.swift; path = MoodSurveyController.swift; sourceTree = "<group>"; };
		83021A9A273EAF5000074406 /* NotificationScheduler.swift */ = {isa = PBXFileReference; lastKnownFileType = sourcecode.swift; path = NotificationScheduler.swift; sourceTree = "<group>"; };
		83021A9C273EE12B00074406 /* Strings.swift */ = {isa = PBXFileReference; lastKnownFileType = sourcecode.swift; path = Strings.swift; sourceTree = "<group>"; };
/* End PBXFileReference section */

/* Begin PBXFrameworksBuildPhase section */
		83021A3E273C36CD00074406 /* Frameworks */ = {
			isa = PBXFrameworksBuildPhase;
			buildActionMask = 2147483647;
			files = (
			);
			runOnlyForDeploymentPostprocessing = 0;
		};
/* End PBXFrameworksBuildPhase section */

/* Begin PBXGroup section */
		83021A38273C36CD00074406 = {
			isa = PBXGroup;
			children = (
				83021A43273C36CD00074406 /* MedicationManager */,
				83021A42273C36CD00074406 /* Products */,
			);
			sourceTree = "<group>";
		};
		83021A42273C36CD00074406 /* Products */ = {
			isa = PBXGroup;
			children = (
				83021A41273C36CD00074406 /* MedicationManager.app */,
			);
			name = Products;
			sourceTree = "<group>";
		};
		83021A43273C36CD00074406 /* MedicationManager */ = {
			isa = PBXGroup;
			children = (
				83021A67273C4ACD00074406 /* ModelControllers */,
				83021A5D273C46FF00074406 /* ViewControllers */,
				83021A5C273C37D600074406 /* Views */,
				83021A66273C491800074406 /* Storyboards */,
				83021A5B273C37A700074406 /* Resources */,
				83021A65273C48FD00074406 /* CoreData */,
			);
			path = MedicationManager;
			sourceTree = "<group>";
		};
		83021A5B273C37A700074406 /* Resources */ = {
			isa = PBXGroup;
			children = (
				83021A44273C36CD00074406 /* AppDelegate.swift */,
				83021A46273C36CD00074406 /* SceneDelegate.swift */,
				83021A50273C36CF00074406 /* Assets.xcassets */,
				83021A55273C36CF00074406 /* Info.plist */,
				83021A6E273C6A4900074406 /* DateFormatter.swift */,
				83021A9A273EAF5000074406 /* NotificationScheduler.swift */,
				83021A9C273EE12B00074406 /* Strings.swift */,
			);
			path = Resources;
			sourceTree = "<group>";
		};
		83021A5C273C37D600074406 /* Views */ = {
			isa = PBXGroup;
			children = (
				83021A63273C48CB00074406 /* MedicationTableViewCell.swift */,
			);
			path = Views;
			sourceTree = "<group>";
		};
		83021A5D273C46FF00074406 /* ViewControllers */ = {
			isa = PBXGroup;
			children = (
				83021A5E273C474800074406 /* MedicationListViewController.swift */,
				83021A60273C475B00074406 /* MedicationDetailViewController.swift */,
				83021A72273D6C6500074406 /* MoodSurveyViewController.swift */,
			);
			path = ViewControllers;
			sourceTree = "<group>";
		};
		83021A65273C48FD00074406 /* CoreData */ = {
			isa = PBXGroup;
			children = (
				83021A4D273C36CD00074406 /* MedicationManager.xcdatamodeld */,
				83021A6A273C4E5F00074406 /* CoreDataStack.swift */,
				83021A6C273C553B00074406 /* Medication+Convenience.swift */,
				83021A70273C946A00074406 /* TakenDate+Convenience.swift */,
				83021A74273D705D00074406 /* MoodSurvey+Convenience.swift */,
			);
			path = CoreData;
			sourceTree = "<group>";
		};
		83021A66273C491800074406 /* Storyboards */ = {
			isa = PBXGroup;
			children = (
				83021A4A273C36CD00074406 /* Main.storyboard */,
				83021A52273C36CF00074406 /* LaunchScreen.storyboard */,
			);
			path = Storyboards;
			sourceTree = "<group>";
		};
		83021A67273C4ACD00074406 /* ModelControllers */ = {
			isa = PBXGroup;
			children = (
				83021A68273C4B3700074406 /* MedicationController.swift */,
				83021A76273D710300074406 /* MoodSurveyController.swift */,
			);
			path = ModelControllers;
			sourceTree = "<group>";
		};
/* End PBXGroup section */

/* Begin PBXNativeTarget section */
		83021A40273C36CD00074406 /* MedicationManager */ = {
			isa = PBXNativeTarget;
			buildConfigurationList = 83021A58273C36CF00074406 /* Build configuration list for PBXNativeTarget "MedicationManager" */;
			buildPhases = (
				83021A3D273C36CD00074406 /* Sources */,
				83021A3E273C36CD00074406 /* Frameworks */,
				83021A3F273C36CD00074406 /* Resources */,
			);
			buildRules = (
			);
			dependencies = (
			);
			name = MedicationManager;
			productName = MedicationManager;
			productReference = 83021A41273C36CD00074406 /* MedicationManager.app */;
			productType = "com.apple.product-type.application";
		};
/* End PBXNativeTarget section */

/* Begin PBXProject section */
		83021A39273C36CD00074406 /* Project object */ = {
			isa = PBXProject;
			attributes = {
				BuildIndependentTargetsInParallel = 1;
				LastSwiftUpdateCheck = 1310;
				LastUpgradeCheck = 1310;
				TargetAttributes = {
					83021A40273C36CD00074406 = {
						CreatedOnToolsVersion = 13.1;
					};
				};
			};
			buildConfigurationList = 83021A3C273C36CD00074406 /* Build configuration list for PBXProject "MedicationManager" */;
			compatibilityVersion = "Xcode 13.0";
			developmentRegion = en;
			hasScannedForEncodings = 0;
			knownRegions = (
				en,
				Base,
			);
			mainGroup = 83021A38273C36CD00074406;
			productRefGroup = 83021A42273C36CD00074406 /* Products */;
			projectDirPath = "";
			projectRoot = "";
			targets = (
				83021A40273C36CD00074406 /* MedicationManager */,
			);
		};
/* End PBXProject section */

/* Begin PBXResourcesBuildPhase section */
		83021A3F273C36CD00074406 /* Resources */ = {
			isa = PBXResourcesBuildPhase;
			buildActionMask = 2147483647;
			files = (
				83021A54273C36CF00074406 /* LaunchScreen.storyboard in Resources */,
				83021A51273C36CF00074406 /* Assets.xcassets in Resources */,
				83021A4C273C36CD00074406 /* Main.storyboard in Resources */,
			);
			runOnlyForDeploymentPostprocessing = 0;
		};
/* End PBXResourcesBuildPhase section */

/* Begin PBXSourcesBuildPhase section */
		83021A3D273C36CD00074406 /* Sources */ = {
			isa = PBXSourcesBuildPhase;
			buildActionMask = 2147483647;
			files = (
				83021A77273D710300074406 /* MoodSurveyController.swift in Sources */,
				83021A6D273C553B00074406 /* Medication+Convenience.swift in Sources */,
				83021A9D273EE12B00074406 /* Strings.swift in Sources */,
				83021A61273C475B00074406 /* MedicationDetailViewController.swift in Sources */,
				83021A45273C36CD00074406 /* AppDelegate.swift in Sources */,
				83021A5F273C474800074406 /* MedicationListViewController.swift in Sources */,
				83021A6F273C6A4900074406 /* DateFormatter.swift in Sources */,
				83021A4F273C36CD00074406 /* MedicationManager.xcdatamodeld in Sources */,
				83021A9B273EAF5000074406 /* NotificationScheduler.swift in Sources */,
				83021A69273C4B3700074406 /* MedicationController.swift in Sources */,
				83021A64273C48CB00074406 /* MedicationTableViewCell.swift in Sources */,
				83021A75273D705D00074406 /* MoodSurvey+Convenience.swift in Sources */,
				83021A47273C36CD00074406 /* SceneDelegate.swift in Sources */,
				83021A73273D6C6500074406 /* MoodSurveyViewController.swift in Sources */,
				83021A6B273C4E5F00074406 /* CoreDataStack.swift in Sources */,
				83021A71273C946A00074406 /* TakenDate+Convenience.swift in Sources */,
			);
			runOnlyForDeploymentPostprocessing = 0;
		};
/* End PBXSourcesBuildPhase section */

/* Begin PBXVariantGroup section */
		83021A4A273C36CD00074406 /* Main.storyboard */ = {
			isa = PBXVariantGroup;
			children = (
				83021A4B273C36CD00074406 /* Base */,
			);
			name = Main.storyboard;
			sourceTree = "<group>";
		};
		83021A52273C36CF00074406 /* LaunchScreen.storyboard */ = {
			isa = PBXVariantGroup;
			children = (
				83021A53273C36CF00074406 /* Base */,
			);
			name = LaunchScreen.storyboard;
			sourceTree = "<group>";
		};
/* End PBXVariantGroup section */

/* Begin XCBuildConfiguration section */
		83021A56273C36CF00074406 /* Debug */ = {
			isa = XCBuildConfiguration;
			buildSettings = {
				ALWAYS_SEARCH_USER_PATHS = NO;
				CLANG_ANALYZER_NONNULL = YES;
				CLANG_ANALYZER_NUMBER_OBJECT_CONVERSION = YES_AGGRESSIVE;
				CLANG_CXX_LANGUAGE_STANDARD = "gnu++17";
				CLANG_CXX_LIBRARY = "libc++";
				CLANG_ENABLE_MODULES = YES;
				CLANG_ENABLE_OBJC_ARC = YES;
				CLANG_ENABLE_OBJC_WEAK = YES;
				CLANG_WARN_BLOCK_CAPTURE_AUTORELEASING = YES;
				CLANG_WARN_BOOL_CONVERSION = YES;
				CLANG_WARN_COMMA = YES;
				CLANG_WARN_CONSTANT_CONVERSION = YES;
				CLANG_WARN_DEPRECATED_OBJC_IMPLEMENTATIONS = YES;
				CLANG_WARN_DIRECT_OBJC_ISA_USAGE = YES_ERROR;
				CLANG_WARN_DOCUMENTATION_COMMENTS = YES;
				CLANG_WARN_EMPTY_BODY = YES;
				CLANG_WARN_ENUM_CONVERSION = YES;
				CLANG_WARN_INFINITE_RECURSION = YES;
				CLANG_WARN_INT_CONVERSION = YES;
				CLANG_WARN_NON_LITERAL_NULL_CONVERSION = YES;
				CLANG_WARN_OBJC_IMPLICIT_RETAIN_SELF = YES;
				CLANG_WARN_OBJC_LITERAL_CONVERSION = YES;
				CLANG_WARN_OBJC_ROOT_CLASS = YES_ERROR;
				CLANG_WARN_QUOTED_INCLUDE_IN_FRAMEWORK_HEADER = YES;
				CLANG_WARN_RANGE_LOOP_ANALYSIS = YES;
				CLANG_WARN_STRICT_PROTOTYPES = YES;
				CLANG_WARN_SUSPICIOUS_MOVE = YES;
				CLANG_WARN_UNGUARDED_AVAILABILITY = YES_AGGRESSIVE;
				CLANG_WARN_UNREACHABLE_CODE = YES;
				CLANG_WARN__DUPLICATE_METHOD_MATCH = YES;
				COPY_PHASE_STRIP = NO;
				DEBUG_INFORMATION_FORMAT = dwarf;
				ENABLE_STRICT_OBJC_MSGSEND = YES;
				ENABLE_TESTABILITY = YES;
				GCC_C_LANGUAGE_STANDARD = gnu11;
				GCC_DYNAMIC_NO_PIC = NO;
				GCC_NO_COMMON_BLOCKS = YES;
				GCC_OPTIMIZATION_LEVEL = 0;
				GCC_PREPROCESSOR_DEFINITIONS = (
					"DEBUG=1",
					"$(inherited)",
				);
				GCC_WARN_64_TO_32_BIT_CONVERSION = YES;
				GCC_WARN_ABOUT_RETURN_TYPE = YES_ERROR;
				GCC_WARN_UNDECLARED_SELECTOR = YES;
				GCC_WARN_UNINITIALIZED_AUTOS = YES_AGGRESSIVE;
				GCC_WARN_UNUSED_FUNCTION = YES;
				GCC_WARN_UNUSED_VARIABLE = YES;
				IPHONEOS_DEPLOYMENT_TARGET = 15.0;
				MTL_ENABLE_DEBUG_INFO = INCLUDE_SOURCE;
				MTL_FAST_MATH = YES;
				ONLY_ACTIVE_ARCH = YES;
				SDKROOT = iphoneos;
				SWIFT_ACTIVE_COMPILATION_CONDITIONS = DEBUG;
				SWIFT_OPTIMIZATION_LEVEL = "-Onone";
			};
			name = Debug;
		};
		83021A57273C36CF00074406 /* Release */ = {
			isa = XCBuildConfiguration;
			buildSettings = {
				ALWAYS_SEARCH_USER_PATHS = NO;
				CLANG_ANALYZER_NONNULL = YES;
				CLANG_ANALYZER_NUMBER_OBJECT_CONVERSION = YES_AGGRESSIVE;
				CLANG_CXX_LANGUAGE_STANDARD = "gnu++17";
				CLANG_CXX_LIBRARY = "libc++";
				CLANG_ENABLE_MODULES = YES;
				CLANG_ENABLE_OBJC_ARC = YES;
				CLANG_ENABLE_OBJC_WEAK = YES;
				CLANG_WARN_BLOCK_CAPTURE_AUTORELEASING = YES;
				CLANG_WARN_BOOL_CONVERSION = YES;
				CLANG_WARN_COMMA = YES;
				CLANG_WARN_CONSTANT_CONVERSION = YES;
				CLANG_WARN_DEPRECATED_OBJC_IMPLEMENTATIONS = YES;
				CLANG_WARN_DIRECT_OBJC_ISA_USAGE = YES_ERROR;
				CLANG_WARN_DOCUMENTATION_COMMENTS = YES;
				CLANG_WARN_EMPTY_BODY = YES;
				CLANG_WARN_ENUM_CONVERSION = YES;
				CLANG_WARN_INFINITE_RECURSION = YES;
				CLANG_WARN_INT_CONVERSION = YES;
				CLANG_WARN_NON_LITERAL_NULL_CONVERSION = YES;
				CLANG_WARN_OBJC_IMPLICIT_RETAIN_SELF = YES;
				CLANG_WARN_OBJC_LITERAL_CONVERSION = YES;
				CLANG_WARN_OBJC_ROOT_CLASS = YES_ERROR;
				CLANG_WARN_QUOTED_INCLUDE_IN_FRAMEWORK_HEADER = YES;
				CLANG_WARN_RANGE_LOOP_ANALYSIS = YES;
				CLANG_WARN_STRICT_PROTOTYPES = YES;
				CLANG_WARN_SUSPICIOUS_MOVE = YES;
				CLANG_WARN_UNGUARDED_AVAILABILITY = YES_AGGRESSIVE;
				CLANG_WARN_UNREACHABLE_CODE = YES;
				CLANG_WARN__DUPLICATE_METHOD_MATCH = YES;
				COPY_PHASE_STRIP = NO;
				DEBUG_INFORMATION_FORMAT = "dwarf-with-dsym";
				ENABLE_NS_ASSERTIONS = NO;
				ENABLE_STRICT_OBJC_MSGSEND = YES;
				GCC_C_LANGUAGE_STANDARD = gnu11;
				GCC_NO_COMMON_BLOCKS = YES;
				GCC_WARN_64_TO_32_BIT_CONVERSION = YES;
				GCC_WARN_ABOUT_RETURN_TYPE = YES_ERROR;
				GCC_WARN_UNDECLARED_SELECTOR = YES;
				GCC_WARN_UNINITIALIZED_AUTOS = YES_AGGRESSIVE;
				GCC_WARN_UNUSED_FUNCTION = YES;
				GCC_WARN_UNUSED_VARIABLE = YES;
				IPHONEOS_DEPLOYMENT_TARGET = 15.0;
				MTL_ENABLE_DEBUG_INFO = NO;
				MTL_FAST_MATH = YES;
				SDKROOT = iphoneos;
				SWIFT_COMPILATION_MODE = wholemodule;
				SWIFT_OPTIMIZATION_LEVEL = "-O";
				VALIDATE_PRODUCT = YES;
			};
			name = Release;
		};
		83021A59273C36CF00074406 /* Debug */ = {
			isa = XCBuildConfiguration;
			buildSettings = {
				ASSETCATALOG_COMPILER_APPICON_NAME = AppIcon;
				ASSETCATALOG_COMPILER_GLOBAL_ACCENT_COLOR_NAME = AccentColor;
				CODE_SIGN_STYLE = Automatic;
				CURRENT_PROJECT_VERSION = 1;
				DEVELOPMENT_TEAM = 5L2RH989GD;
				GENERATE_INFOPLIST_FILE = YES;
				INFOPLIST_FILE = MedicationManager/Resources/Info.plist;
				INFOPLIST_KEY_UIApplicationSupportsIndirectInputEvents = YES;
				INFOPLIST_KEY_UILaunchStoryboardName = LaunchScreen;
				INFOPLIST_KEY_UIMainStoryboardFile = Main;
				INFOPLIST_KEY_UISupportedInterfaceOrientations_iPad = "UIInterfaceOrientationPortrait UIInterfaceOrientationPortraitUpsideDown UIInterfaceOrientationLandscapeLeft UIInterfaceOrientationLandscapeRight";
				INFOPLIST_KEY_UISupportedInterfaceOrientations_iPhone = "UIInterfaceOrientationPortrait UIInterfaceOrientationLandscapeLeft UIInterfaceOrientationLandscapeRight";
				LD_RUNPATH_SEARCH_PATHS = (
					"$(inherited)",
					"@executable_path/Frameworks",
				);
				MARKETING_VERSION = 1.0;
				PRODUCT_BUNDLE_IDENTIFIER = com.JonathanLlewellyn.MedicationManager;
				PRODUCT_NAME = "$(TARGET_NAME)";
				SWIFT_EMIT_LOC_STRINGS = YES;
				SWIFT_VERSION = 5.0;
				TARGETED_DEVICE_FAMILY = "1,2";
			};
			name = Debug;
		};
		83021A5A273C36CF00074406 /* Release */ = {
			isa = XCBuildConfiguration;
			buildSettings = {
				ASSETCATALOG_COMPILER_APPICON_NAME = AppIcon;
				ASSETCATALOG_COMPILER_GLOBAL_ACCENT_COLOR_NAME = AccentColor;
				CODE_SIGN_STYLE = Automatic;
				CURRENT_PROJECT_VERSION = 1;
				DEVELOPMENT_TEAM = 5L2RH989GD;
				GENERATE_INFOPLIST_FILE = YES;
				INFOPLIST_FILE = MedicationManager/Resources/Info.plist;
				INFOPLIST_KEY_UIApplicationSupportsIndirectInputEvents = YES;
				INFOPLIST_KEY_UILaunchStoryboardName = LaunchScreen;
				INFOPLIST_KEY_UIMainStoryboardFile = Main;
				INFOPLIST_KEY_UISupportedInterfaceOrientations_iPad = "UIInterfaceOrientationPortrait UIInterfaceOrientationPortraitUpsideDown UIInterfaceOrientationLandscapeLeft UIInterfaceOrientationLandscapeRight";
				INFOPLIST_KEY_UISupportedInterfaceOrientations_iPhone = "UIInterfaceOrientationPortrait UIInterfaceOrientationLandscapeLeft UIInterfaceOrientationLandscapeRight";
				LD_RUNPATH_SEARCH_PATHS = (
					"$(inherited)",
					"@executable_path/Frameworks",
				);
				MARKETING_VERSION = 1.0;
				PRODUCT_BUNDLE_IDENTIFIER = com.JonathanLlewellyn.MedicationManager;
				PRODUCT_NAME = "$(TARGET_NAME)";
				SWIFT_EMIT_LOC_STRINGS = YES;
				SWIFT_VERSION = 5.0;
				TARGETED_DEVICE_FAMILY = "1,2";
			};
			name = Release;
		};
/* End XCBuildConfiguration section */

/* Begin XCConfigurationList section */
		83021A3C273C36CD00074406 /* Build configuration list for PBXProject "MedicationManager" */ = {
			isa = XCConfigurationList;
			buildConfigurations = (
				83021A56273C36CF00074406 /* Debug */,
				83021A57273C36CF00074406 /* Release */,
			);
			defaultConfigurationIsVisible = 0;
			defaultConfigurationName = Release;
		};
		83021A58273C36CF00074406 /* Build configuration list for PBXNativeTarget "MedicationManager" */ = {
			isa = XCConfigurationList;
			buildConfigurations = (
				83021A59273C36CF00074406 /* Debug */,
				83021A5A273C36CF00074406 /* Release */,
			);
			defaultConfigurationIsVisible = 0;
			defaultConfigurationName = Release;
		};
/* End XCConfigurationList section */

/* Begin XCVersionGroup section */
		83021A4D273C36CD00074406 /* MedicationManager.xcdatamodeld */ = {
			isa = XCVersionGroup;
			children = (
				83021A4E273C36CD00074406 /* MedicationManager.xcdatamodel */,
			);
			currentVersion = 83021A4E273C36CD00074406 /* MedicationManager.xcdatamodel */;
			path = MedicationManager.xcdatamodeld;
			sourceTree = "<group>";
			versionGroupType = wrapper.xcdatamodel;
		};
/* End XCVersionGroup section */
	};
	rootObject = 83021A39273C36CD00074406 /* Project object */;
}
